
Microsoft Visual Studio Solution File, Format Version 12.00
Project("{FAE04EC0-301F-11D3-BF4B-00C04F79EFBC}") = "ATDD.V2.Exercise.CSharp", "ATDD.V2.Exercise.CSharp.csproj", "{71FCD578-382D-41FA-9DEC-A814A5F0603E}"
EndProject
Global
	GlobalSection(SolutionConfigurationPlatforms) = preSolution
		Debug|Any CPU = Debug|Any CPU
		Release|Any CPU = Release|Any CPU
	EndGlobalSection
	GlobalSection(ProjectConfigurationPlatforms) = postSolution
		{71FCD578-382D-41FA-9DEC-A814A5F0603E}.Debug|Any CPU.ActiveCfg = Debug|Any CPU
		{71FCD578-382D-41FA-9DEC-A814A5F0603E}.Debug|Any CPU.Build.0 = Debug|Any CPU
		{71FCD578-382D-41FA-9DEC-A814A5F0603E}.Release|Any CPU.ActiveCfg = Release|Any CPU
		{71FCD578-382D-41FA-9DEC-A814A5F0603E}.Release|Any CPU.Build.0 = Release|Any CPU
	EndGlobalSection
EndGlobal
